
Microsoft Visual Studio Solution File, Format Version 10.00
# Visual Studio 2008
Project("{8BC9CEB8-8B4A-11D0-8D11-00A0C91BC942}") = "Kaolla", "Kaolla\Kaolla.vcproj", "{943F7037-6507-4753-9C7B-1F58A7796BDD}"
EndProject
Global
	GlobalSection(SolutionConfigurationPlatforms) = preSolution
		Debug|Win32 = Debug|Win32
		Release|Win32 = Release|Win32
	EndGlobalSection
	GlobalSection(ProjectConfigurationPlatforms) = postSolution
		{943F7037-6507-4753-9C7B-1F58A7796BDD}.Debug|Win32.ActiveCfg = Debug|Win32
		{943F7037-6507-4753-9C7B-1F58A7796BDD}.Debug|Win32.Build.0 = Debug|Win32
		{943F7037-6507-4753-9C7B-1F58A7796BDD}.Release|Win32.ActiveCfg = Release|Win32
		{943F7037-6507-4753-9C7B-1F58A7796BDD}.Release|Win32.Build.0 = Release|Win32
	EndGlobalSection
	GlobalSection(SolutionProperties) = preSolution
		HideSolutionNode = FALSE
	EndGlobalSection
EndGlobal
