<?xml version="1.0" encoding="utf-8"?>
<Project ToolsVersion="4.0" xmlns="http://schemas.microsoft.com/developer/msbuild/2003">
  <ItemGroup>
    <Filter Include="Source Files">
      <UniqueIdentifier>{4FC737F1-C7A5-4376-A066-2A32D752A2FF}</UniqueIdentifier>
      <Extensions>cpp;c;cc;cxx;def;odl;idl;hpj;bat;asm;asmx</Extensions>
    </Filter>
    <Filter Include="Header Files">
      <UniqueIdentifier>{93995380-89BD-4b04-88EB-625FBE52EBFB}</UniqueIdentifier>
      <Extensions>h;hh;hpp;hxx;hm;inl;inc;xsd</Extensions>
    </Filter>
    <Filter Include="Resource Files">
      <UniqueIdentifier>{67DA6AB6-F800-4c08-8B7A-83BB121AAD01}</UniqueIdentifier>
      <Extensions>rc;ico;cur;bmp;dlg;rc2;rct;bin;rgs;gif;jpg;jpeg;jpe;resx;tiff;tif;png;wav;mfcribbon-ms</Extensions>
    </Filter>
    <Filter Include="Header Files\Utils">
      <UniqueIdentifier>{ad7ad7a6-c3a2-46d7-9123-1037aba281ed}</UniqueIdentifier>
    </Filter>
    <Filter Include="Source Files\Utils">
      <UniqueIdentifier>{9e00bc48-72f1-4a77-8a51-b338ab37a64c}</UniqueIdentifier>
    </Filter>
    <Filter Include="Header Files\Manip">
      <UniqueIdentifier>{c6bd3aa8-2811-4fff-920c-8278501ba5b4}</UniqueIdentifier>
    </Filter>
    <Filter Include="Source Files\Manip">
      <UniqueIdentifier>{a56842c2-1f7d-4033-8d7d-b470d5d4146e}</UniqueIdentifier>
    </Filter>
    <Filter Include="Header Files\Resources">
      <UniqueIdentifier>{d6e2437e-54e3-4455-a156-54706713f396}</UniqueIdentifier>
    </Filter>
    <Filter Include="Header Files\National Instruments">
      <UniqueIdentifier>{4923e287-e684-4a37-851e-0fba72e00832}</UniqueIdentifier>
    </Filter>
    <Filter Include="Header Files\Parameters">
      <UniqueIdentifier>{5c9404dc-8e53-4516-97a0-11c4d791f8be}</UniqueIdentifier>
    </Filter>
    <Filter Include="Header Files\XML">
      <UniqueIdentifier>{1171cb4f-1756-4c73-9eea-4fc9ffd69c53}</UniqueIdentifier>
    </Filter>
    <Filter Include="Header Files\RS232">
      <UniqueIdentifier>{45a6839d-1ded-4ae2-af12-69bfce5d5a95}</UniqueIdentifier>
    </Filter>
    <Filter Include="Source Files\XML">
      <UniqueIdentifier>{8ba33742-ab29-4bfd-a2ee-4e0d241affa6}</UniqueIdentifier>
    </Filter>
    <Filter Include="Source Files\RS232">
      <UniqueIdentifier>{18ca9bec-3aab-43ec-91e0-a16ba38df627}</UniqueIdentifier>
    </Filter>
    <Filter Include="Source Files\National Instruments">
      <UniqueIdentifier>{dc56d958-654e-4892-8e96-414aa9ee30d7}</UniqueIdentifier>
    </Filter>
    <Filter Include="Source Files\Parameters">
      <UniqueIdentifier>{9719e089-913d-4d04-8f59-f05994236ca0}</UniqueIdentifier>
    </Filter>
    <Filter Include="Header Files\Utils\MFC Utils">
      <UniqueIdentifier>{7a54c94a-2875-4255-a1a0-14d2b9f92387}</UniqueIdentifier>
    </Filter>
    <Filter Include="Source Files\Utils\MFC Utils">
      <UniqueIdentifier>{d9c78f29-e452-4ed4-830e-27746c3880f9}</UniqueIdentifier>
    </Filter>
    <Filter Include="Source Files\Manip\Manip">
      <UniqueIdentifier>{8a80b201-801f-4928-9dd0-e751e4c12c8d}</UniqueIdentifier>
    </Filter>
    <Filter Include="Source Files\Manip\Manip_Auto">
      <UniqueIdentifier>{2aeacfee-561f-4952-bc35-7f2888267dd3}</UniqueIdentifier>
    </Filter>
    <Filter Include="Source Files\Manip\Manip_AutoGaz">
      <UniqueIdentifier>{7747c689-e2b6-48ad-9089-b60836ba4cd1}</UniqueIdentifier>
    </Filter>
    <Filter Include="Source Files\Manip\Manip_AutoGaz\Stages">
      <UniqueIdentifier>{26a06bb4-55cb-4dd0-8cdc-6c5492ab5a64}</UniqueIdentifier>
    </Filter>
    <Filter Include="Source Files\Manip\Manip_AutoGaz\MSV">
      <UniqueIdentifier>{f37a788e-6f5a-480b-964a-205ef26bb2a8}</UniqueIdentifier>
    </Filter>
    <Filter Include="Header Files\GUI">
      <UniqueIdentifier>{8c1edfac-6d83-46a2-88eb-dbcc4558b9ac}</UniqueIdentifier>
    </Filter>
    <Filter Include="Source Files\GUI">
      <UniqueIdentifier>{4f4953aa-6c4a-4d1a-b771-52a7a7f87598}</UniqueIdentifier>
    </Filter>
    <Filter Include="Source Files\GUI\Dialogs">
      <UniqueIdentifier>{6dcab2d7-bc04-40e8-b59a-8dd68d5f07e3}</UniqueIdentifier>
    </Filter>
    <Filter Include="Source Files\GUI\Dialogs\Experiment Parameters">
      <UniqueIdentifier>{0e8e0212-cbd1-445a-af00-cbec1019fcf3}</UniqueIdentifier>
    </Filter>
    <Filter Include="Source Files\GUI\Dialogs\Experiment Parameters\Tabs">
      <UniqueIdentifier>{72b9ecbd-d296-43ad-899d-8e7aea0b8862}</UniqueIdentifier>
    </Filter>
    <Filter Include="Source Files\GUI\Dialogs\Experiment Parameters\Base Data">
      <UniqueIdentifier>{2becea59-6e89-4f33-ab11-05baf2ed04cb}</UniqueIdentifier>
    </Filter>
    <Filter Include="Source Files\GUI\Dialogs\Connection Port">
      <UniqueIdentifier>{c60397cb-a9fb-48bf-8ba0-4007cf653a55}</UniqueIdentifier>
    </Filter>
    <Filter Include="Header Files\GUI\Dialogs">
      <UniqueIdentifier>{2cad08cf-60a9-49ee-b00e-540950be69bb}</UniqueIdentifier>
    </Filter>
    <Filter Include="Header Files\GUI\Dialogs\Experimental Parameters">
      <UniqueIdentifier>{0d2de8f3-e9b8-41a6-8110-e7f1365de972}</UniqueIdentifier>
    </Filter>
    <Filter Include="Header Files\GUI\Dialogs\Experimental Parameters\Base Data">
      <UniqueIdentifier>{b56bfbc8-4c46-4ccc-a046-b5810373e574}</UniqueIdentifier>
    </Filter>
    <Filter Include="Header Files\GUI\Dialogs\Experimental Parameters\Tabs">
      <UniqueIdentifier>{d67e7c8e-39e0-49a9-8413-62147908061e}</UniqueIdentifier>
    </Filter>
    <Filter Include="Header Files\GUI\Dialogs\Connection Port">
      <UniqueIdentifier>{ee1b43fb-d5e8-4df2-a9dd-ae3f1c4db1fd}</UniqueIdentifier>
    </Filter>
    <Filter Include="Header Files\Resources\Define">
      <UniqueIdentifier>{045cb8c3-8d56-42b2-9919-fb488764a331}</UniqueIdentifier>
    </Filter>
    <Filter Include="Header Files\GUI\Dialogs\Experimental Parameters\TabsNew">
      <UniqueIdentifier>{c2f3920c-056e-4c6f-9fa9-65c03e393e14}</UniqueIdentifier>
    </Filter>
    <Filter Include="Source Files\GUI\Dialogs\Experiment Parameters\TabsNew">
      <UniqueIdentifier>{4d4336e8-a13f-4388-8c9a-ea7f631adb05}</UniqueIdentifier>
    </Filter>
  </ItemGroup>
  <ItemGroup>
    <Text Include="ReadMe.txt" />
  </ItemGroup>
  <ItemGroup>
    <ClInclude Include="Mesure.h">
      <Filter>Header Files\Utils</Filter>
    </ClInclude>
    <ClInclude Include="targetver.h">
      <Filter>Header Files\GUI</Filter>
    </ClInclude>
    <ClInclude Include="Kaolla.h">
      <Filter>Header Files\GUI</Filter>
    </ClInclude>
    <ClInclude Include="KaollaDoc.h">
      <Filter>Header Files\GUI</Filter>
    </ClInclude>
    <ClInclude Include="KaollaView.h">
      <Filter>Header Files\GUI</Filter>
    </ClInclude>
    <ClInclude Include="MainFrm.h">
      <Filter>Header Files\GUI</Filter>
    </ClInclude>
    <ClInclude Include="stdafx.h">
      <Filter>Header Files\GUI</Filter>
    </ClInclude>
    <ClInclude Include="GrapheView.h">
      <Filter>Header Files\GUI</Filter>
    </ClInclude>
    <ClInclude Include="Resource.h">
      <Filter>Header Files\Resources</Filter>
    </ClInclude>
    <ClInclude Include="ResourceCellule.h">
      <Filter>Header Files\Resources</Filter>
    </ClInclude>
    <ClInclude Include="ResourceConnectionPort.h">
      <Filter>Header Files\Resources</Filter>
    </ClInclude>
    <ClInclude Include="ResourceExperimentateur.h">
      <Filter>Header Files\Resources</Filter>
    </ClInclude>
    <ClInclude Include="ResourceGaz.h">
      <Filter>Header Files\Resources</Filter>
    </ClInclude>
    <ClInclude Include="ResourceOnglets.h">
      <Filter>Header Files\Resources</Filter>
    </ClInclude>
    <ClInclude Include="ResourceOngletsEtapes.h">
      <Filter>Header Files\Resources</Filter>
    </ClInclude>
    <ClInclude Include="ResourceParametresAppareil.h">
      <Filter>Header Files\Resources</Filter>
    </ClInclude>
    <ClInclude Include="ResourceTypeExperience.h">
      <Filter>Header Files\Resources</Filter>
    </ClInclude>
    <ClInclude Include="IncludeResources.h">
      <Filter>Header Files\Resources</Filter>
    </ClInclude>
    <ClInclude Include="ParserXML.h">
      <Filter>Header Files\XML</Filter>
    </ClInclude>
    <ClInclude Include="tinystr.h">
      <Filter>Header Files\XML</Filter>
    </ClInclude>
    <ClInclude Include="tinyxml.h">
      <Filter>Header Files\XML</Filter>
    </ClInclude>
    <ClInclude Include="Keithley.h">
      <Filter>Header Files\RS232</Filter>
    </ClInclude>
    <ClInclude Include="LiaisonRS232.h">
      <Filter>Header Files\RS232</Filter>
    </ClInclude>
    <ClInclude Include="Mensor.h">
      <Filter>Header Files\RS232</Filter>
    </ClInclude>
    <ClInclude Include="NI_USB_6008.h">
      <Filter>Header Files\National Instruments</Filter>
    </ClInclude>
    <ClInclude Include="NI_USB_9211A.h">
      <Filter>Header Files\National Instruments</Filter>
    </ClInclude>
    <ClInclude Include="NIDAQmx.h">
      <Filter>Header Files\National Instruments</Filter>
    </ClInclude>
    <ClInclude Include="Temperature.h">
      <Filter>Header Files\National Instruments</Filter>
    </ClInclude>
    <ClInclude Include="Vannes.h">
      <Filter>Header Files\National Instruments</Filter>
    </ClInclude>
    <ClInclude Include="Parametres.h">
      <Filter>Header Files\Parameters</Filter>
    </ClInclude>
    <ClInclude Include="Chrono.h">
      <Filter>Header Files\Utils</Filter>
    </ClInclude>
    <ClInclude Include="Classes_experiences.h">
      <Filter>Header Files\Utils</Filter>
    </ClInclude>
    <ClInclude Include="ConnectionMesure.h">
      <Filter>Header Files\Utils</Filter>
    </ClInclude>
    <ClInclude Include="InfoEtape.h">
      <Filter>Header Files\Utils</Filter>
    </ClInclude>
    <ClInclude Include="Instrument.h">
      <Filter>Header Files\Utils</Filter>
    </ClInclude>
    <ClInclude Include="SpinBtnCtrl.h">
      <Filter>Header Files\Utils\MFC Utils</Filter>
    </ClInclude>
    <ClInclude Include="XSBrowseFolder.h">
      <Filter>Header Files\Utils\MFC Utils</Filter>
    </ClInclude>
    <ClInclude Include="Define.h">
      <Filter>Header Files\Resources\Define</Filter>
    </ClInclude>
    <ClInclude Include="Define_Instrument.h">
      <Filter>Header Files\Resources\Define</Filter>
    </ClInclude>
    <ClInclude Include="Define_Manip_Auto_Probleme_Injection.h">
      <Filter>Header Files\Manip</Filter>
    </ClInclude>
    <ClInclude Include="Define_Manip_Auto_Verifications.h">
      <Filter>Header Files\Manip</Filter>
    </ClInclude>
    <ClInclude Include="Define_Manip_AutoGaz_Doses.h">
      <Filter>Header Files\Manip</Filter>
    </ClInclude>
    <ClInclude Include="Define_Manip_AutoGaz_Mise_Sous_Vide.h">
      <Filter>Header Files\Manip</Filter>
    </ClInclude>
    <ClInclude Include="Define_Manip_Securite.h">
      <Filter>Header Files\Manip</Filter>
    </ClInclude>
    <ClInclude Include="Define_Manip_Vannes.h">
      <Filter>Header Files\Manip</Filter>
    </ClInclude>
    <ClInclude Include="ListeEtape.h">
      <Filter>Header Files\Manip</Filter>
    </ClInclude>
    <ClInclude Include="Manip.h">
      <Filter>Header Files\Manip</Filter>
    </ClInclude>
    <ClInclude Include="Manip_Auto.h">
      <Filter>Header Files\Manip</Filter>
    </ClInclude>
    <ClInclude Include="Manip_AutoGaz.h">
      <Filter>Header Files\Manip</Filter>
    </ClInclude>
    <ClInclude Include="Connection_port.h">
      <Filter>Header Files\GUI\Dialogs\Connection Port</Filter>
    </ClInclude>
    <ClInclude Include="Dialogue_TypeExperience.h">
      <Filter>Header Files\GUI\Dialogs</Filter>
    </ClInclude>
    <ClInclude Include="Donnees_Experience.h">
      <Filter>Header Files\GUI\Dialogs</Filter>
    </ClInclude>
    <ClInclude Include="Parametres_appareil.h">
      <Filter>Header Files\GUI\Dialogs</Filter>
    </ClInclude>
    <ClInclude Include="Parametres_experience.h">
      <Filter>Header Files\GUI\Dialogs\Experimental Parameters</Filter>
    </ClInclude>
    <ClInclude Include="Dialogue_cellule.h">
      <Filter>Header Files\GUI\Dialogs\Experimental Parameters\Base Data</Filter>
    </ClInclude>
    <ClInclude Include="Dialogue_experimentateur.h">
      <Filter>Header Files\GUI\Dialogs\Experimental Parameters\Base Data</Filter>
    </ClInclude>
    <ClInclude Include="Dialogue_gaz.h">
      <Filter>Header Files\GUI\Dialogs\Experimental Parameters\Base Data</Filter>
    </ClInclude>
    <ClInclude Include="CDesorption.h">
      <Filter>Header Files\GUI\Dialogs\Experimental Parameters\Tabs</Filter>
    </ClInclude>
    <ClInclude Include="CDivers.h">
      <Filter>Header Files\GUI\Dialogs\Experimental Parameters\Tabs</Filter>
    </ClInclude>
    <ClInclude Include="CGeneral.h">
      <Filter>Header Files\GUI\Dialogs\Experimental Parameters\Tabs</Filter>
    </ClInclude>
    <ClInclude Include="CGrandesDoses.h">
      <Filter>Header Files\GUI\Dialogs\Experimental Parameters\Tabs</Filter>
    </ClInclude>
    <ClInclude Include="CMoyennesDoses.h">
      <Filter>Header Files\GUI\Dialogs\Experimental Parameters\Tabs</Filter>
    </ClInclude>
    <ClInclude Include="CPetitesDoses.h">
      <Filter>Header Files\GUI\Dialogs\Experimental Parameters\Tabs</Filter>
    </ClInclude>
    <ClInclude Include="CAdsorptionContinue.h">
      <Filter>Header Files\GUI\Dialogs\Experimental Parameters\Tabs</Filter>
    </ClInclude>
    <ClInclude Include="Define_Stages.h">
      <Filter>Header Files\Resources\Define</Filter>
    </ClInclude>
    <ClInclude Include="Define_Experiment_Type.h">
      <Filter>Header Files\Resources\Define</Filter>
    </ClInclude>
    <ClInclude Include="FluxConverter.h">
      <Filter>Header Files\Parameters</Filter>
    </ClInclude>
    <ClInclude Include="MessageBoxTexts.h">
      <Filter>Header Files\Resources</Filter>
    </ClInclude>
    <ClInclude Include="MFCMessageHandler.h">
      <Filter>Header Files\Utils</Filter>
    </ClInclude>
    <ClInclude Include="ManualActionParam.h">
      <Filter>Header Files\Utils</Filter>
    </ClInclude>
    <ClInclude Include="ListOfInstrumentButtons.h">
      <Filter>Header Files\Utils</Filter>
    </ClInclude>
    <ClInclude Include="DefinePostMessages.h">
      <Filter>Header Files\Resources\Define</Filter>
    </ClInclude>
    <ClInclude Include="ThreadManager.h">
      <Filter>Header Files\Manip</Filter>
    </ClInclude>
    <ClInclude Include="MainThread.h">
      <Filter>Header Files\Manip</Filter>
    </ClInclude>
    <ClInclude Include="TabGeneral.h">
      <Filter>Header Files\GUI\Dialogs\Experimental Parameters\TabsNew</Filter>
    </ClInclude>
    <ClInclude Include="ExperimentPropertySheet.h">
      <Filter>Header Files\GUI\Dialogs\Experimental Parameters</Filter>
    </ClInclude>
    <ClInclude Include="TabDivers.h">
      <Filter>Header Files\GUI\Dialogs\Experimental Parameters\TabsNew</Filter>
    </ClInclude>
    <ClInclude Include="TabDoses.h">
      <Filter>Header Files\GUI\Dialogs\Experimental Parameters\TabsNew</Filter>
    </ClInclude>
  </ItemGroup>
  <ItemGroup>
    <ClCompile Include="Mesure.cpp">
      <Filter>Source Files\Utils</Filter>
    </ClCompile>
    <ClCompile Include="Kaolla.cpp">
      <Filter>Source Files\GUI</Filter>
    </ClCompile>
    <ClCompile Include="KaollaDoc.cpp">
      <Filter>Source Files\GUI</Filter>
    </ClCompile>
    <ClCompile Include="KaollaView.cpp">
      <Filter>Source Files\GUI</Filter>
    </ClCompile>
    <ClCompile Include="MainFrm.cpp">
      <Filter>Source Files\GUI</Filter>
    </ClCompile>
    <ClCompile Include="stdafx.cpp">
      <Filter>Source Files\GUI</Filter>
    </ClCompile>
    <ClCompile Include="GrapheView.cpp">
      <Filter>Source Files\GUI</Filter>
    </ClCompile>
    <ClCompile Include="ParserXML.cpp">
      <Filter>Source Files\XML</Filter>
    </ClCompile>
    <ClCompile Include="tinystr.cpp">
      <Filter>Source Files\XML</Filter>
    </ClCompile>
    <ClCompile Include="tinyxml.cpp">
      <Filter>Source Files\XML</Filter>
    </ClCompile>
    <ClCompile Include="tinyxmlerror.cpp">
      <Filter>Source Files\XML</Filter>
    </ClCompile>
    <ClCompile Include="tinyxmlparser.cpp">
      <Filter>Source Files\XML</Filter>
    </ClCompile>
    <ClCompile Include="Keithley.cpp">
      <Filter>Source Files\RS232</Filter>
    </ClCompile>
    <ClCompile Include="LiaisonRS232.cpp">
      <Filter>Source Files\RS232</Filter>
    </ClCompile>
    <ClCompile Include="Mensor.cpp">
      <Filter>Source Files\RS232</Filter>
    </ClCompile>
    <ClCompile Include="NI_USB_6008.cpp">
      <Filter>Source Files\National Instruments</Filter>
    </ClCompile>
    <ClCompile Include="NI_USB_9211A.cpp">
      <Filter>Source Files\National Instruments</Filter>
    </ClCompile>
    <ClCompile Include="Temperature.cpp">
      <Filter>Source Files\National Instruments</Filter>
    </ClCompile>
    <ClCompile Include="Vannes.cpp">
      <Filter>Source Files\National Instruments</Filter>
    </ClCompile>
    <ClCompile Include="Parametres.cpp">
      <Filter>Source Files\Parameters</Filter>
    </ClCompile>
    <ClCompile Include="Chrono.cpp">
      <Filter>Source Files\Utils</Filter>
    </ClCompile>
    <ClCompile Include="Classes_experiences.cpp">
      <Filter>Source Files\Utils</Filter>
    </ClCompile>
    <ClCompile Include="ConnectionMesure.cpp">
      <Filter>Source Files\Utils</Filter>
    </ClCompile>
    <ClCompile Include="InfoEtape.cpp">
      <Filter>Source Files\Utils</Filter>
    </ClCompile>
    <ClCompile Include="Instrument.cpp">
      <Filter>Source Files\Utils</Filter>
    </ClCompile>
    <ClCompile Include="SpinBtnCtrl.cpp">
      <Filter>Source Files\Utils\MFC Utils</Filter>
    </ClCompile>
    <ClCompile Include="XSBrowseFolder.cpp">
      <Filter>Source Files\Utils\MFC Utils</Filter>
    </ClCompile>
    <ClCompile Include="Manip.cpp">
      <Filter>Source Files\Manip\Manip</Filter>
    </ClCompile>
    <ClCompile Include="Manip_Auto_Arret.cpp">
      <Filter>Source Files\Manip\Manip_Auto</Filter>
    </ClCompile>
    <ClCompile Include="Manip_Auto.cpp">
      <Filter>Source Files\Manip\Manip_Auto</Filter>
    </ClCompile>
    <ClCompile Include="Manip_Auto_Donnees.cpp">
      <Filter>Source Files\Manip\Manip_Auto</Filter>
    </ClCompile>
    <ClCompile Include="Manip_Auto_Fichier.cpp">
      <Filter>Source Files\Manip\Manip_Auto</Filter>
    </ClCompile>
    <ClCompile Include="Manip_Auto_LireAfficher.cpp">
      <Filter>Source Files\Manip\Manip_Auto</Filter>
    </ClCompile>
    <ClCompile Include="Manip_Auto_Probleme_Injection.cpp">
      <Filter>Source Files\Manip\Manip_Auto</Filter>
    </ClCompile>
    <ClCompile Include="Manip_Auto_Vannes.cpp">
      <Filter>Source Files\Manip\Manip_Auto</Filter>
    </ClCompile>
    <ClCompile Include="Manip_Auto_Verifications.cpp">
      <Filter>Source Files\Manip\Manip_Auto</Filter>
    </ClCompile>
    <ClCompile Include="Manip_AutoGaz.cpp">
      <Filter>Source Files\Manip\Manip_AutoGaz</Filter>
    </ClCompile>
    <ClCompile Include="Manip_AutoGaz_AEffectuer.cpp">
      <Filter>Source Files\Manip\Manip_AutoGaz</Filter>
    </ClCompile>
    <ClCompile Include="Manip_AutoGaz_Donnees.cpp">
      <Filter>Source Files\Manip\Manip_AutoGaz</Filter>
    </ClCompile>
    <ClCompile Include="Manip_AutoGaz_Execution.cpp">
      <Filter>Source Files\Manip\Manip_AutoGaz</Filter>
    </ClCompile>
    <ClCompile Include="Manip_AutoGaz_Fichier.cpp">
      <Filter>Source Files\Manip\Manip_AutoGaz</Filter>
    </ClCompile>
    <ClCompile Include="Manip_AutoGaz_LEA.cpp">
      <Filter>Source Files\Manip\Manip_AutoGaz</Filter>
    </ClCompile>
    <ClCompile Include="Manip_AutoGaz_Mesure.cpp">
      <Filter>Source Files\Manip\Manip_AutoGaz</Filter>
    </ClCompile>
    <ClCompile Include="Manip_AutoGaz_Proprietes_Experience.cpp">
      <Filter>Source Files\Manip\Manip_AutoGaz</Filter>
    </ClCompile>
    <ClCompile Include="Manip_AutoGaz_Type_Experience.cpp">
      <Filter>Source Files\Manip\Manip_AutoGaz</Filter>
    </ClCompile>
    <ClCompile Include="Manip_AutoGaz_Vannes.cpp">
      <Filter>Source Files\Manip\Manip_AutoGaz</Filter>
    </ClCompile>
    <ClCompile Include="Manip_AutoGaz_Adsorption_Continue.cpp">
      <Filter>Source Files\Manip\Manip_AutoGaz\Stages</Filter>
    </ClCompile>
    <ClCompile Include="Manip_AutoGaz_Desorption.cpp">
      <Filter>Source Files\Manip\Manip_AutoGaz\Stages</Filter>
    </ClCompile>
    <ClCompile Include="Manip_AutoGaz_Grandes_Doses.cpp">
      <Filter>Source Files\Manip\Manip_AutoGaz\Stages</Filter>
    </ClCompile>
    <ClCompile Include="Manip_AutoGaz_Moyennes_Doses.cpp">
      <Filter>Source Files\Manip\Manip_AutoGaz\Stages</Filter>
    </ClCompile>
    <ClCompile Include="Manip_AutoGaz_Petites_Doses.cpp">
      <Filter>Source Files\Manip\Manip_AutoGaz\Stages</Filter>
    </ClCompile>
    <ClCompile Include="Manip_AutoGaz_Mise_Sous_Vide.cpp">
      <Filter>Source Files\Manip\Manip_AutoGaz\Stages</Filter>
    </ClCompile>
    <ClCompile Include="Manip_AutoGaz_Ligne_Base_Equilibre.cpp">
      <Filter>Source Files\Manip\Manip_AutoGaz\Stages</Filter>
    </ClCompile>
    <ClCompile Include="Manip_AutoGaz_MiseSousVide_ChangementBouteille.cpp">
      <Filter>Source Files\Manip\Manip_AutoGaz\MSV</Filter>
    </ClCompile>
    <ClCompile Include="Manip_AutoGaz_MiseSousVide_Ampoule.cpp">
      <Filter>Source Files\Manip\Manip_AutoGaz\MSV</Filter>
    </ClCompile>
    <ClCompile Include="Manip_AutoGaz_MiseSousVide_Bouteille.cpp">
      <Filter>Source Files\Manip\Manip_AutoGaz\MSV</Filter>
    </ClCompile>
    <ClCompile Include="Dialogue_TypeExperience.cpp">
      <Filter>Source Files\GUI\Dialogs</Filter>
    </ClCompile>
    <ClCompile Include="Donnees_Experience.cpp">
      <Filter>Source Files\GUI\Dialogs</Filter>
    </ClCompile>
    <ClCompile Include="Parametres_appareil.cpp">
      <Filter>Source Files\GUI\Dialogs</Filter>
    </ClCompile>
    <ClCompile Include="Connection_port.cpp">
      <Filter>Source Files\GUI\Dialogs\Connection Port</Filter>
    </ClCompile>
    <ClCompile Include="Connection_port_fct.cpp">
      <Filter>Source Files\GUI\Dialogs\Connection Port</Filter>
    </ClCompile>
    <ClCompile Include="Connection_port_Verifications.cpp">
      <Filter>Source Files\GUI\Dialogs\Connection Port</Filter>
    </ClCompile>
    <ClCompile Include="CAdsorptionContinue.cpp">
      <Filter>Source Files\GUI\Dialogs\Experiment Parameters\Tabs</Filter>
    </ClCompile>
    <ClCompile Include="CDesorption.cpp">
      <Filter>Source Files\GUI\Dialogs\Experiment Parameters\Tabs</Filter>
    </ClCompile>
    <ClCompile Include="CDivers.cpp">
      <Filter>Source Files\GUI\Dialogs\Experiment Parameters\Tabs</Filter>
    </ClCompile>
    <ClCompile Include="CGeneral.cpp">
      <Filter>Source Files\GUI\Dialogs\Experiment Parameters\Tabs</Filter>
    </ClCompile>
    <ClCompile Include="CGrandesDoses.cpp">
      <Filter>Source Files\GUI\Dialogs\Experiment Parameters\Tabs</Filter>
    </ClCompile>
    <ClCompile Include="CMoyennesDoses.cpp">
      <Filter>Source Files\GUI\Dialogs\Experiment Parameters\Tabs</Filter>
    </ClCompile>
    <ClCompile Include="CPetitesDoses.cpp">
      <Filter>Source Files\GUI\Dialogs\Experiment Parameters\Tabs</Filter>
    </ClCompile>
    <ClCompile Include="Dialogue_cellule.cpp">
      <Filter>Source Files\GUI\Dialogs\Experiment Parameters\Base Data</Filter>
    </ClCompile>
    <ClCompile Include="Dialogue_gaz.cpp">
      <Filter>Source Files\GUI\Dialogs\Experiment Parameters\Base Data</Filter>
    </ClCompile>
    <ClCompile Include="Dialogue_experimentateur.cpp">
      <Filter>Source Files\GUI\Dialogs\Experiment Parameters\Base Data</Filter>
    </ClCompile>
    <ClCompile Include="Parametres_experience.cpp">
      <Filter>Source Files\GUI\Dialogs\Experiment Parameters</Filter>
    </ClCompile>
    <ClCompile Include="FluxConverter.cpp">
      <Filter>Source Files\Parameters</Filter>
    </ClCompile>
    <ClCompile Include="MFCMessageHandler.cpp">
      <Filter>Source Files\Utils</Filter>
    </ClCompile>
    <ClCompile Include="ManipDisplay.cpp">
      <Filter>Source Files\Manip\Manip</Filter>
    </ClCompile>
    <ClCompile Include="ManipData.cpp">
      <Filter>Source Files\Manip\Manip</Filter>
    </ClCompile>
    <ClCompile Include="ManipManualExecution.cpp">
      <Filter>Source Files\Manip\Manip</Filter>
    </ClCompile>
    <ClCompile Include="ManipFileWriting.cpp">
      <Filter>Source Files\Manip\Manip</Filter>
    </ClCompile>
    <ClCompile Include="ManipMeasurement.cpp">
      <Filter>Source Files\Manip\Manip</Filter>
    </ClCompile>
    <ClCompile Include="ManipSecurity.cpp">
      <Filter>Source Files\Manip\Manip</Filter>
    </ClCompile>
    <ClCompile Include="ManipTimeKeeping.cpp">
      <Filter>Source Files\Manip\Manip</Filter>
    </ClCompile>
    <ClCompile Include="ManipValves.cpp">
      <Filter>Source Files\Manip\Manip</Filter>
    </ClCompile>
    <ClCompile Include="KaollaViewDisplay.cpp">
      <Filter>Source Files\GUI</Filter>
    </ClCompile>
    <ClCompile Include="KaollaViewButtons.cpp">
      <Filter>Source Files\GUI</Filter>
    </ClCompile>
    <ClCompile Include="KaollaViewButtonsValves.cpp">
      <Filter>Source Files\GUI</Filter>
    </ClCompile>
    <ClCompile Include="ManualActionParam.cpp">
      <Filter>Source Files\Utils</Filter>
    </ClCompile>
    <ClCompile Include="ListOfInstrumentButtons.cpp">
      <Filter>Source Files\Utils</Filter>
    </ClCompile>
    <ClCompile Include="ThreadManager.cpp">
      <Filter>Source Files\Manip</Filter>
    </ClCompile>
    <ClCompile Include="MainThread.cpp">
      <Filter>Source Files\Manip</Filter>
    </ClCompile>
    <ClCompile Include="TabGeneral.cpp">
      <Filter>Source Files\GUI\Dialogs\Experiment Parameters\TabsNew</Filter>
    </ClCompile>
    <ClCompile Include="TabDivers.cpp">
      <Filter>Source Files\GUI\Dialogs\Experiment Parameters\TabsNew</Filter>
    </ClCompile>
    <ClCompile Include="TabDoses.cpp">
      <Filter>Source Files\GUI\Dialogs\Experiment Parameters\TabsNew</Filter>
    </ClCompile>
    <ClCompile Include="ExperimentPropertySheet.cpp">
      <Filter>Source Files\GUI\Dialogs\Experiment Parameters</Filter>
    </ClCompile>
  </ItemGroup>
  <ItemGroup>
    <ResourceCompile Include="Kaolla.rc">
      <Filter>Resource Files</Filter>
    </ResourceCompile>
    <ResourceCompile Include="Cellule.rc">
      <Filter>Resource Files</Filter>
    </ResourceCompile>
    <ResourceCompile Include="ConnectionPort.rc">
      <Filter>Resource Files</Filter>
    </ResourceCompile>
    <ResourceCompile Include="Experimentateur.rc">
      <Filter>Resource Files</Filter>
    </ResourceCompile>
    <ResourceCompile Include="Gaz.rc">
      <Filter>Resource Files</Filter>
    </ResourceCompile>
    <ResourceCompile Include="Onglets.rc">
      <Filter>Resource Files</Filter>
    </ResourceCompile>
    <ResourceCompile Include="OngletsEtapes.rc">
      <Filter>Resource Files</Filter>
    </ResourceCompile>
    <ResourceCompile Include="ParametresAppareil.rc">
      <Filter>Resource Files</Filter>
    </ResourceCompile>
    <ResourceCompile Include="TypeExperience.rc">
      <Filter>Resource Files</Filter>
    </ResourceCompile>
    <ResourceCompile Include="MessageBoxTexts.rc">
      <Filter>Resource Files</Filter>
    </ResourceCompile>
  </ItemGroup>
  <ItemGroup>
    <None Include="res\Kaolla.rc2">
      <Filter>Resource Files</Filter>
    </None>
  </ItemGroup>
  <ItemGroup>
    <Image Include="res\KaollaDoc.ico">
      <Filter>Resource Files</Filter>
    </Image>
    <Image Include="res\Kaolla.ico">
      <Filter>Resource Files</Filter>
    </Image>
    <Image Include="res\Toolbar.bmp">
      <Filter>Resource Files</Filter>
    </Image>
  </ItemGroup>
  <ItemGroup>
    <Library Include="NIDAQmx.lib">
      <Filter>Header Files\National Instruments</Filter>
    </Library>
  </ItemGroup>
</Project>