<?xml version="1.0" encoding="utf-8"?>
<Project ToolsVersion="4.0" xmlns="http://schemas.microsoft.com/developer/msbuild/2003">
  <ItemGroup>
    <Filter Include="Source Files">
      <UniqueIdentifier>{4FC737F1-C7A5-4376-A066-2A32D752A2FF}</UniqueIdentifier>
      <Extensions>cpp;c;cc;cxx;def;odl;idl;hpj;bat;asm;asmx</Extensions>
    </Filter>
    <Filter Include="Header Files">
      <UniqueIdentifier>{93995380-89BD-4b04-88EB-625FBE52EBFB}</UniqueIdentifier>
      <Extensions>h;hh;hpp;hxx;hm;inl;inc;xsd</Extensions>
    </Filter>
    <Filter Include="Resource Files">
      <UniqueIdentifier>{67DA6AB6-F800-4c08-8B7A-83BB121AAD01}</UniqueIdentifier>
      <Extensions>rc;ico;cur;bmp;dlg;rc2;rct;bin;rgs;gif;jpg;jpeg;jpe;resx;tiff;tif;png;wav;mfcribbon-ms</Extensions>
    </Filter>
    <Filter Include="Header Files\Utils">
      <UniqueIdentifier>{ad7ad7a6-c3a2-46d7-9123-1037aba281ed}</UniqueIdentifier>
    </Filter>
    <Filter Include="Source Files\Utils">
      <UniqueIdentifier>{9e00bc48-72f1-4a77-8a51-b338ab37a64c}</UniqueIdentifier>
    </Filter>
    <Filter Include="Header Files\Resources">
      <UniqueIdentifier>{d6e2437e-54e3-4455-a156-54706713f396}</UniqueIdentifier>
    </Filter>
    <Filter Include="Header Files\Utils\MFC Utils">
      <UniqueIdentifier>{7a54c94a-2875-4255-a1a0-14d2b9f92387}</UniqueIdentifier>
    </Filter>
    <Filter Include="Source Files\Utils\MFC Utils">
      <UniqueIdentifier>{d9c78f29-e452-4ed4-830e-27746c3880f9}</UniqueIdentifier>
    </Filter>
    <Filter Include="Header Files\GUI">
      <UniqueIdentifier>{8c1edfac-6d83-46a2-88eb-dbcc4558b9ac}</UniqueIdentifier>
    </Filter>
    <Filter Include="Source Files\GUI">
      <UniqueIdentifier>{4f4953aa-6c4a-4d1a-b771-52a7a7f87598}</UniqueIdentifier>
    </Filter>
    <Filter Include="Source Files\GUI\Dialogs">
      <UniqueIdentifier>{6dcab2d7-bc04-40e8-b59a-8dd68d5f07e3}</UniqueIdentifier>
    </Filter>
    <Filter Include="Source Files\GUI\Dialogs\Experiment Parameters">
      <UniqueIdentifier>{0e8e0212-cbd1-445a-af00-cbec1019fcf3}</UniqueIdentifier>
    </Filter>
    <Filter Include="Source Files\GUI\Dialogs\Connection Port">
      <UniqueIdentifier>{c60397cb-a9fb-48bf-8ba0-4007cf653a55}</UniqueIdentifier>
    </Filter>
    <Filter Include="Header Files\GUI\Dialogs">
      <UniqueIdentifier>{2cad08cf-60a9-49ee-b00e-540950be69bb}</UniqueIdentifier>
    </Filter>
    <Filter Include="Header Files\GUI\Dialogs\Experimental Parameters">
      <UniqueIdentifier>{0d2de8f3-e9b8-41a6-8110-e7f1365de972}</UniqueIdentifier>
    </Filter>
    <Filter Include="Header Files\GUI\Dialogs\Connection Port">
      <UniqueIdentifier>{ee1b43fb-d5e8-4df2-a9dd-ae3f1c4db1fd}</UniqueIdentifier>
    </Filter>
    <Filter Include="Source Files\Utils\XML">
      <UniqueIdentifier>{8ba33742-ab29-4bfd-a2ee-4e0d241affa6}</UniqueIdentifier>
    </Filter>
    <Filter Include="Header Files\Utils\XML">
      <UniqueIdentifier>{1171cb4f-1756-4c73-9eea-4fc9ffd69c53}</UniqueIdentifier>
    </Filter>
    <Filter Include="Resource Files\DialogBoxes">
      <UniqueIdentifier>{1335dc40-154e-4059-8a02-4332a9cf87a0}</UniqueIdentifier>
    </Filter>
    <Filter Include="Header Files\Resources\DialogBoxes">
      <UniqueIdentifier>{b01ec661-30b5-45c4-9cfe-29b4e5805132}</UniqueIdentifier>
    </Filter>
    <Filter Include="Source Files\GUI\Dialogs\Experiment Parameters\Tabs">
      <UniqueIdentifier>{4d4336e8-a13f-4388-8c9a-ea7f631adb05}</UniqueIdentifier>
    </Filter>
    <Filter Include="Header Files\GUI\Dialogs\Experimental Parameters\Tabs">
      <UniqueIdentifier>{c2f3920c-056e-4c6f-9fa9-65c03e393e14}</UniqueIdentifier>
    </Filter>
    <Filter Include="Header Files\GUI\Dialogs\Experimental Parameters\Stored Parameters">
      <UniqueIdentifier>{b56bfbc8-4c46-4ccc-a046-b5810373e574}</UniqueIdentifier>
    </Filter>
    <Filter Include="Source Files\GUI\Dialogs\Experiment Parameters\Stored Parameters">
      <UniqueIdentifier>{2becea59-6e89-4f33-ab11-05baf2ed04cb}</UniqueIdentifier>
    </Filter>
    <Filter Include="Header Files\Commmon">
      <UniqueIdentifier>{f6c1806b-2a27-40ea-b88f-295a4c964d82}</UniqueIdentifier>
    </Filter>
    <Filter Include="Header Files\Commmon\Resources">
      <UniqueIdentifier>{fe6f04c5-9c19-4f7e-b916-20bda030f079}</UniqueIdentifier>
    </Filter>
    <Filter Include="Source Files\Commmon">
      <UniqueIdentifier>{56fe2541-c7c5-463a-b088-74caf910a56f}</UniqueIdentifier>
    </Filter>
    <Filter Include="Header Files\Commmon\Netcode">
      <UniqueIdentifier>{855ccf25-c59a-4a32-8fdd-778064f26841}</UniqueIdentifier>
    </Filter>
    <Filter Include="Header Files\Commmon\Com Classes">
      <UniqueIdentifier>{02cd2c28-f2fc-4384-82df-6bf3229311f5}</UniqueIdentifier>
    </Filter>
    <Filter Include="Source Files\Commmon\Netcode">
      <UniqueIdentifier>{b6713951-1d2e-44cb-872e-37f2bb08d348}</UniqueIdentifier>
    </Filter>
    <Filter Include="Source Files\Commmon\Com Classes">
      <UniqueIdentifier>{214ea547-88ef-4d88-9625-b115d845bda8}</UniqueIdentifier>
    </Filter>
    <Filter Include="Resource Files\Common">
      <UniqueIdentifier>{de8d4a27-4200-4436-bcfa-3f1f99185b8c}</UniqueIdentifier>
    </Filter>
    <Filter Include="Resource Files\Common\Strings">
      <UniqueIdentifier>{a8ea875c-77f0-4b5b-b25f-67dbeb5ad1f1}</UniqueIdentifier>
    </Filter>
    <Filter Include="Source Files\Parameters File">
      <UniqueIdentifier>{ba35b971-af41-4399-bb4f-1cb6c646db06}</UniqueIdentifier>
    </Filter>
    <Filter Include="Header Files\Parameters File">
      <UniqueIdentifier>{43e0358b-94cb-449b-b049-42807119eeac}</UniqueIdentifier>
    </Filter>
    <Filter Include="Header Files\GUI\Dialogs\Machine Parameters">
      <UniqueIdentifier>{bb454a28-b9c7-450f-83be-d9f90b457b76}</UniqueIdentifier>
    </Filter>
    <Filter Include="Header Files\GUI\Dialogs\Type Experiment">
      <UniqueIdentifier>{5c3056c0-ad1c-406a-a4f0-80b00336239b}</UniqueIdentifier>
    </Filter>
  </ItemGroup>
  <ItemGroup>
    <Text Include="ReadMe.txt" />
  </ItemGroup>
  <ItemGroup>
    <ClInclude Include="targetver.h">
      <Filter>Header Files\GUI</Filter>
    </ClInclude>
    <ClInclude Include="MainFrm.h">
      <Filter>Header Files\GUI</Filter>
    </ClInclude>
    <ClInclude Include="stdafx.h">
      <Filter>Header Files\GUI</Filter>
    </ClInclude>
    <ClInclude Include="GrapheView.h">
      <Filter>Header Files\GUI</Filter>
    </ClInclude>
    <ClInclude Include="Resource.h">
      <Filter>Header Files\Resources</Filter>
    </ClInclude>
    <ClInclude Include="ParserXML.h">
      <Filter>Header Files\Utils\XML</Filter>
    </ClInclude>
    <ClInclude Include="tinystr.h">
      <Filter>Header Files\Utils\XML</Filter>
    </ClInclude>
    <ClInclude Include="tinyxml.h">
      <Filter>Header Files\Utils\XML</Filter>
    </ClInclude>
    <ClInclude Include="SpinBtnCtrl.h">
      <Filter>Header Files\Utils\MFC Utils</Filter>
    </ClInclude>
    <ClInclude Include="XSBrowseFolder.h">
      <Filter>Header Files\Utils\MFC Utils</Filter>
    </ClInclude>
    <ClInclude Include="ListOfInstrumentButtons.h">
      <Filter>Header Files\Utils</Filter>
    </ClInclude>
    <ClInclude Include="TabGeneral.h">
      <Filter>Header Files\GUI\Dialogs\Experimental Parameters\Tabs</Filter>
    </ClInclude>
    <ClInclude Include="ExperimentPropertySheet.h">
      <Filter>Header Files\GUI\Dialogs\Experimental Parameters</Filter>
    </ClInclude>
    <ClInclude Include="TabDivers.h">
      <Filter>Header Files\GUI\Dialogs\Experimental Parameters\Tabs</Filter>
    </ClInclude>
    <ClInclude Include="TabDoses.h">
      <Filter>Header Files\GUI\Dialogs\Experimental Parameters\Tabs</Filter>
    </ClInclude>
    <ClInclude Include="TabDesorption.h">
      <Filter>Header Files\GUI\Dialogs\Experimental Parameters\Tabs</Filter>
    </ClInclude>
    <ClInclude Include="TabContinuousAdsorption.h">
      <Filter>Header Files\GUI\Dialogs\Experimental Parameters\Tabs</Filter>
    </ClInclude>
    <ClInclude Include="ResourceConnectionPort.h">
      <Filter>Header Files\Resources\DialogBoxes</Filter>
    </ClInclude>
    <ClInclude Include="ResourceParametresAppareil.h">
      <Filter>Header Files\Resources\DialogBoxes</Filter>
    </ClInclude>
    <ClInclude Include="ResourceTypeExperience.h">
      <Filter>Header Files\Resources\DialogBoxes</Filter>
    </ClInclude>
    <ClInclude Include="DialogGas.h">
      <Filter>Header Files\GUI\Dialogs\Experimental Parameters\Stored Parameters</Filter>
    </ClInclude>
    <ClInclude Include="DialogUser.h">
      <Filter>Header Files\GUI\Dialogs\Experimental Parameters\Stored Parameters</Filter>
    </ClInclude>
    <ClInclude Include="ResourceDialogUser.h">
      <Filter>Header Files\Resources\DialogBoxes</Filter>
    </ClInclude>
    <ClInclude Include="ResourceDialogGas.h">
      <Filter>Header Files\Resources\DialogBoxes</Filter>
    </ClInclude>
    <ClInclude Include="ResourceDialogCell.h">
      <Filter>Header Files\Resources\DialogBoxes</Filter>
    </ClInclude>
    <ClInclude Include="DialogCell.h">
      <Filter>Header Files\GUI\Dialogs\Experimental Parameters\Stored Parameters</Filter>
    </ClInclude>
    <ClInclude Include="Kalel.h">
      <Filter>Header Files\GUI</Filter>
    </ClInclude>
    <ClInclude Include="KalelDoc.h">
      <Filter>Header Files\GUI</Filter>
    </ClInclude>
    <ClInclude Include="KalelView.h">
      <Filter>Header Files\GUI</Filter>
    </ClInclude>
    <ClInclude Include="ConnectionMesure.h">
      <Filter>Header Files\GUI\Dialogs\Connection Port</Filter>
    </ClInclude>
    <ClInclude Include="DefinePostMessages.h">
      <Filter>Header Files\Resources</Filter>
    </ClInclude>
    <ClInclude Include="ResourceDialogExperimentSettings.h">
      <Filter>Header Files\Resources\DialogBoxes</Filter>
    </ClInclude>
    <ClInclude Include="DialogConnectionPort.h">
      <Filter>Header Files\GUI\Dialogs\Connection Port</Filter>
    </ClInclude>
    <ClInclude Include="..\Kalel Shared\Com Classes\ExperimentData.h">
      <Filter>Header Files\Commmon\Com Classes</Filter>
    </ClInclude>
    <ClInclude Include="..\Kalel Shared\Com Classes\ExperimentSettings.h">
      <Filter>Header Files\Commmon\Com Classes</Filter>
    </ClInclude>
    <ClInclude Include="..\Kalel Shared\Com Classes\MachineSettings.h">
      <Filter>Header Files\Commmon\Com Classes</Filter>
    </ClInclude>
    <ClInclude Include="..\Kalel Shared\Netcode\base64.h">
      <Filter>Header Files\Commmon\Netcode</Filter>
    </ClInclude>
    <ClInclude Include="..\Kalel Shared\Netcode\Client.h">
      <Filter>Header Files\Commmon\Netcode</Filter>
    </ClInclude>
    <ClInclude Include="..\Kalel Shared\Netcode\http_request.h">
      <Filter>Header Files\Commmon\Netcode</Filter>
    </ClInclude>
    <ClInclude Include="..\Kalel Shared\Netcode\json.hpp">
      <Filter>Header Files\Commmon\Netcode</Filter>
    </ClInclude>
    <ClInclude Include="..\Kalel Shared\Netcode\Netcode Resources.h">
      <Filter>Header Files\Commmon\Netcode</Filter>
    </ClInclude>
    <ClInclude Include="..\Kalel Shared\Netcode\Server.h">
      <Filter>Header Files\Commmon\Netcode</Filter>
    </ClInclude>
    <ClInclude Include="..\Kalel Shared\Netcode\Socket.h">
      <Filter>Header Files\Commmon\Netcode</Filter>
    </ClInclude>
    <ClInclude Include="..\Kalel Shared\Netcode\stdHelpers.h">
      <Filter>Header Files\Commmon\Netcode</Filter>
    </ClInclude>
    <ClInclude Include="..\Kalel Shared\Netcode\URLHelper.h">
      <Filter>Header Files\Commmon\Netcode</Filter>
    </ClInclude>
    <ClInclude Include="..\Kalel Shared\Com Classes\CommonFunctions.h">
      <Filter>Header Files\Commmon\Com Classes</Filter>
    </ClInclude>
    <ClInclude Include="..\Kalel Shared\Resources\DefineAutomationSettings.h">
      <Filter>Header Files\Commmon\Resources</Filter>
    </ClInclude>
    <ClInclude Include="..\Kalel Shared\Resources\DefineInstruments.h">
      <Filter>Header Files\Commmon\Resources</Filter>
    </ClInclude>
    <ClInclude Include="VerifInstrument.h">
      <Filter>Header Files\GUI\Dialogs\Connection Port</Filter>
    </ClInclude>
    <ClInclude Include="..\Kalel Shared\Com Classes\ExperimentHelperClasses.h">
      <Filter>Header Files\Commmon\Com Classes</Filter>
    </ClInclude>
    <ClInclude Include="CommHandler.h">
      <Filter>Header Files</Filter>
    </ClInclude>
    <ClInclude Include="..\Kalel Shared\Resources\DefineStages.h">
      <Filter>Header Files\Commmon\Resources</Filter>
    </ClInclude>
    <ClInclude Include="..\Kalel Shared\Resources\StringTable.h">
      <Filter>Header Files\Commmon\Resources</Filter>
    </ClInclude>
    <ClInclude Include="..\Kalel Shared\Forcelib.h">
      <Filter>Header Files\Commmon</Filter>
    </ClInclude>
    <ClInclude Include="DialogConnectServer.h">
      <Filter>Header Files\GUI\Dialogs</Filter>
    </ClInclude>
    <ClInclude Include="Parametres.h">
      <Filter>Header Files\Parameters File</Filter>
    </ClInclude>
    <ClInclude Include="DialogMachineParameters.h">
      <Filter>Header Files\GUI\Dialogs\Machine Parameters</Filter>
    </ClInclude>
    <ClInclude Include="DialogTypeExperiment.h">
      <Filter>Header Files\GUI\Dialogs\Type Experiment</Filter>
    </ClInclude>
    <ClInclude Include="MFCMessageHandler.h">
      <Filter>Header Files</Filter>
    </ClInclude>
    <ClInclude Include="..\Kalel Shared\unicodeConv.h">
      <Filter>Header Files\Commmon</Filter>
    </ClInclude>
    <ClInclude Include="..\Kalel Shared\Netcode\http_define.h">
      <Filter>Header Files\Commmon\Netcode</Filter>
    </ClInclude>
    <ClInclude Include="..\Kalel Shared\Com Classes\Serialization.h">
      <Filter>Header Files\Commmon\Com Classes</Filter>
    </ClInclude>
    <ClInclude Include="..\Kalel Shared\Netcode\http_helpers.h">
      <Filter>Header Files\Commmon\Netcode</Filter>
    </ClInclude>
    <ClInclude Include="DefineMenuMessages.h">
      <Filter>Header Files\Resources</Filter>
    </ClInclude>
    <ClInclude Include="DefineDialogMessages.h">
      <Filter>Header Files\Resources\DialogBoxes</Filter>
    </ClInclude>
    <ClInclude Include="..\Kalel Shared\timestamp.h">
      <Filter>Header Files\Commmon</Filter>
    </ClInclude>
    <ClInclude Include="..\Kalel Shared\log.h">
      <Filter>Header Files\Commmon</Filter>
    </ClInclude>
    <ClInclude Include="..\Kalel Shared\Com Classes\ControlInstrumentState.h">
      <Filter>Source Files\Commmon</Filter>
    </ClInclude>
  </ItemGroup>
  <ItemGroup>
    <ClCompile Include="MainFrm.cpp">
      <Filter>Source Files\GUI</Filter>
    </ClCompile>
    <ClCompile Include="stdafx.cpp">
      <Filter>Source Files\GUI</Filter>
    </ClCompile>
    <ClCompile Include="GrapheView.cpp">
      <Filter>Source Files\GUI</Filter>
    </ClCompile>
    <ClCompile Include="ParserXML.cpp">
      <Filter>Source Files\Utils\XML</Filter>
    </ClCompile>
    <ClCompile Include="tinystr.cpp">
      <Filter>Source Files\Utils\XML</Filter>
    </ClCompile>
    <ClCompile Include="tinyxml.cpp">
      <Filter>Source Files\Utils\XML</Filter>
    </ClCompile>
    <ClCompile Include="tinyxmlerror.cpp">
      <Filter>Source Files\Utils\XML</Filter>
    </ClCompile>
    <ClCompile Include="tinyxmlparser.cpp">
      <Filter>Source Files\Utils\XML</Filter>
    </ClCompile>
    <ClCompile Include="SpinBtnCtrl.cpp">
      <Filter>Source Files\Utils\MFC Utils</Filter>
    </ClCompile>
    <ClCompile Include="XSBrowseFolder.cpp">
      <Filter>Source Files\Utils\MFC Utils</Filter>
    </ClCompile>
    <ClCompile Include="ListOfInstrumentButtons.cpp">
      <Filter>Source Files\Utils</Filter>
    </ClCompile>
    <ClCompile Include="TabGeneral.cpp">
      <Filter>Source Files\GUI\Dialogs\Experiment Parameters\Tabs</Filter>
    </ClCompile>
    <ClCompile Include="TabDivers.cpp">
      <Filter>Source Files\GUI\Dialogs\Experiment Parameters\Tabs</Filter>
    </ClCompile>
    <ClCompile Include="TabDoses.cpp">
      <Filter>Source Files\GUI\Dialogs\Experiment Parameters\Tabs</Filter>
    </ClCompile>
    <ClCompile Include="ExperimentPropertySheet.cpp">
      <Filter>Source Files\GUI\Dialogs\Experiment Parameters</Filter>
    </ClCompile>
    <ClCompile Include="TabDesorption.cpp">
      <Filter>Source Files\GUI\Dialogs\Experiment Parameters\Tabs</Filter>
    </ClCompile>
    <ClCompile Include="TabContinuousAdsorption.cpp">
      <Filter>Source Files\GUI\Dialogs\Experiment Parameters\Tabs</Filter>
    </ClCompile>
    <ClCompile Include="DialogGas.cpp">
      <Filter>Source Files\GUI\Dialogs\Experiment Parameters\Stored Parameters</Filter>
    </ClCompile>
    <ClCompile Include="DialogUser.cpp">
      <Filter>Source Files\GUI\Dialogs\Experiment Parameters\Stored Parameters</Filter>
    </ClCompile>
    <ClCompile Include="DialogCell.cpp">
      <Filter>Source Files\GUI\Dialogs\Experiment Parameters\Stored Parameters</Filter>
    </ClCompile>
    <ClCompile Include="Kalel.cpp">
      <Filter>Source Files\GUI</Filter>
    </ClCompile>
    <ClCompile Include="KalelDoc.cpp">
      <Filter>Source Files\GUI</Filter>
    </ClCompile>
    <ClCompile Include="KalelView.cpp">
      <Filter>Source Files\GUI</Filter>
    </ClCompile>
    <ClCompile Include="KalelViewButtons.cpp">
      <Filter>Source Files\GUI</Filter>
    </ClCompile>
    <ClCompile Include="KalelViewButtonsValves.cpp">
      <Filter>Source Files\GUI</Filter>
    </ClCompile>
    <ClCompile Include="KalelViewDisplay.cpp">
      <Filter>Source Files\GUI</Filter>
    </ClCompile>
    <ClCompile Include="ConnectionMesure.cpp">
      <Filter>Source Files\GUI\Dialogs\Connection Port</Filter>
    </ClCompile>
    <ClCompile Include="DialogTypeExperiment.cpp">
      <Filter>Source Files\GUI\Dialogs</Filter>
    </ClCompile>
    <ClCompile Include="DialogMachineParameters.cpp">
      <Filter>Source Files\GUI\Dialogs</Filter>
    </ClCompile>
    <ClCompile Include="DialogConnectionPort.cpp">
      <Filter>Source Files\GUI\Dialogs\Connection Port</Filter>
    </ClCompile>
    <ClCompile Include="..\Kalel Shared\Netcode\base64.cpp">
      <Filter>Source Files\Commmon\Netcode</Filter>
    </ClCompile>
    <ClCompile Include="..\Kalel Shared\Netcode\Client.cpp">
      <Filter>Source Files\Commmon\Netcode</Filter>
    </ClCompile>
    <ClCompile Include="..\Kalel Shared\Netcode\Server.cpp">
      <Filter>Source Files\Commmon\Netcode</Filter>
    </ClCompile>
    <ClCompile Include="..\Kalel Shared\Netcode\Socket.cpp">
      <Filter>Source Files\Commmon\Netcode</Filter>
    </ClCompile>
    <ClCompile Include="..\Kalel Shared\Netcode\stdHelpers.cpp">
      <Filter>Source Files\Commmon\Netcode</Filter>
    </ClCompile>
    <ClCompile Include="..\Kalel Shared\Netcode\URLHelper.cpp">
      <Filter>Source Files\Commmon\Netcode</Filter>
    </ClCompile>
    <ClCompile Include="..\Kalel Shared\Com Classes\MachineSettings.cpp">
      <Filter>Source Files\Commmon\Com Classes</Filter>
    </ClCompile>
    <ClCompile Include="..\Kalel Shared\Com Classes\ExperimentSettings.cpp">
      <Filter>Source Files\Commmon\Com Classes</Filter>
    </ClCompile>
    <ClCompile Include="..\Kalel Shared\Com Classes\ExperimentData.cpp">
      <Filter>Source Files\Commmon\Com Classes</Filter>
    </ClCompile>
    <ClCompile Include="..\Kalel Shared\Com Classes\CommonFunctions.cpp">
      <Filter>Source Files\Commmon\Com Classes</Filter>
    </ClCompile>
    <ClCompile Include="..\Kalel Shared\Com Classes\ExperimentHelperClasses.cpp">
      <Filter>Source Files\Commmon\Com Classes</Filter>
    </ClCompile>
    <ClCompile Include="CommHandler.cpp">
      <Filter>Source Files</Filter>
    </ClCompile>
    <ClCompile Include="DialogConnectServer.cpp">
      <Filter>Source Files\GUI\Dialogs</Filter>
    </ClCompile>
    <ClCompile Include="Parametres.cpp">
      <Filter>Source Files\Parameters File</Filter>
    </ClCompile>
    <ClCompile Include="MFCMessageHandler.cpp">
      <Filter>Source Files</Filter>
    </ClCompile>
    <ClCompile Include="..\Kalel Shared\unicodeConv.cpp">
      <Filter>Source Files\Commmon</Filter>
    </ClCompile>
    <ClCompile Include="..\Kalel Shared\Netcode\http_helpers.cpp">
      <Filter>Source Files\Commmon\Netcode</Filter>
    </ClCompile>
  </ItemGroup>
  <ItemGroup>
    <ResourceCompile Include="ConnectionPort.rc">
      <Filter>Resource Files\DialogBoxes</Filter>
    </ResourceCompile>
    <ResourceCompile Include="ParametresAppareil.rc">
      <Filter>Resource Files\DialogBoxes</Filter>
    </ResourceCompile>
    <ResourceCompile Include="TypeExperience.rc">
      <Filter>Resource Files\DialogBoxes</Filter>
    </ResourceCompile>
    <ResourceCompile Include="DialogUser.rc">
      <Filter>Resource Files\DialogBoxes</Filter>
    </ResourceCompile>
    <ResourceCompile Include="DialogGas.rc">
      <Filter>Resource Files\DialogBoxes</Filter>
    </ResourceCompile>
    <ResourceCompile Include="DialogCell.rc">
      <Filter>Resource Files\DialogBoxes</Filter>
    </ResourceCompile>
    <ResourceCompile Include="Kalel.rc">
      <Filter>Resource Files</Filter>
    </ResourceCompile>
    <ResourceCompile Include="DialogExperimentSettings.rc">
      <Filter>Resource Files\DialogBoxes</Filter>
    </ResourceCompile>
    <ResourceCompile Include="..\Kalel Shared\Resources\StringTable.rc">
      <Filter>Resource Files\Common\Strings</Filter>
    </ResourceCompile>
    <ResourceCompile Include="..\Kalel Shared\Resources\Steps.rc">
      <Filter>Resource Files\Common\Strings</Filter>
    </ResourceCompile>
  </ItemGroup>
  <ItemGroup>
    <Image Include="res\Toolbar.bmp">
      <Filter>Resource Files</Filter>
    </Image>
    <Image Include="res\Kalel.ico">
      <Filter>Resource Files</Filter>
    </Image>
    <Image Include="res\KalelDoc.ico">
      <Filter>Resource Files</Filter>
    </Image>
  </ItemGroup>
  <ItemGroup>
    <None Include="res\Kalel.rc2">
      <Filter>Resource Files</Filter>
    </None>
  </ItemGroup>
</Project>